// !$*UTF8*$!
{
	archiveVersion = 1;
	classes = {
	};
	objectVersion = 50;
	objects = {

/* Begin PBXBuildFile section */
		4C3E430924974B6300E593BC /* AppDelegate.swift in Sources */ = {isa = PBXBuildFile; fileRef = 4C3E430824974B6300E593BC /* AppDelegate.swift */; };
		4C3E430B24974B6300E593BC /* SceneDelegate.swift in Sources */ = {isa = PBXBuildFile; fileRef = 4C3E430A24974B6300E593BC /* SceneDelegate.swift */; };
		4C3E430D24974B6300E593BC /* ViewController.swift in Sources */ = {isa = PBXBuildFile; fileRef = 4C3E430C24974B6300E593BC /* ViewController.swift */; };
		4C3E431024974B6300E593BC /* Main.storyboard in Resources */ = {isa = PBXBuildFile; fileRef = 4C3E430E24974B6300E593BC /* Main.storyboard */; };
		4C3E431224974B6600E593BC /* Assets.xcassets in Resources */ = {isa = PBXBuildFile; fileRef = 4C3E431124974B6600E593BC /* Assets.xcassets */; };
		4C3E431524974B6600E593BC /* LaunchScreen.storyboard in Resources */ = {isa = PBXBuildFile; fileRef = 4C3E431324974B6600E593BC /* LaunchScreen.storyboard */; };
		4C3E436E2498DB5D00E593BC /* Computer.swift in Sources */ = {isa = PBXBuildFile; fileRef = 4C3E436D2498DB5D00E593BC /* Computer.swift */; };
		4C3E43702498E4A600E593BC /* Items.json in Resources */ = {isa = PBXBuildFile; fileRef = 4C3E436F2498E4A600E593BC /* Items.json */; };
/* End PBXBuildFile section */

/* Begin PBXFileReference section */
		4C3E430524974B6300E593BC /* UniversalLink.app */ = {isa = PBXFileReference; explicitFileType = wrapper.application; includeInIndex = 0; path = UniversalLink.app; sourceTree = BUILT_PRODUCTS_DIR; };
		4C3E430824974B6300E593BC /* AppDelegate.swift */ = {isa = PBXFileReference; lastKnownFileType = sourcecode.swift; path = AppDelegate.swift; sourceTree = "<group>"; };
		4C3E430A24974B6300E593BC /* SceneDelegate.swift */ = {isa = PBXFileReference; lastKnownFileType = sourcecode.swift; path = SceneDelegate.swift; sourceTree = "<group>"; };
		4C3E430C24974B6300E593BC /* ViewController.swift */ = {isa = PBXFileReference; lastKnownFileType = sourcecode.swift; path = ViewController.swift; sourceTree = "<group>"; };
		4C3E430F24974B6300E593BC /* Base */ = {isa = PBXFileReference; lastKnownFileType = file.storyboard; name = Base; path = Base.lproj/Main.storyboard; sourceTree = "<group>"; };
		4C3E431124974B6600E593BC /* Assets.xcassets */ = {isa = PBXFileReference; lastKnownFileType = folder.assetcatalog; path = Assets.xcassets; sourceTree = "<group>"; };
		4C3E431424974B6600E593BC /* Base */ = {isa = PBXFileReference; lastKnownFileType = file.storyboard; name = Base; path = Base.lproj/LaunchScreen.storyboard; sourceTree = "<group>"; };
		4C3E431624974B6600E593BC /* Info.plist */ = {isa = PBXFileReference; lastKnownFileType = text.plist.xml; path = Info.plist; sourceTree = "<group>"; };
		4C3E431C24974B8100E593BC /* UniversalLink.entitlements */ = {isa = PBXFileReference; lastKnownFileType = text.plist.entitlements; path = UniversalLink.entitlements; sourceTree = "<group>"; };
		4C3E436D2498DB5D00E593BC /* Computer.swift */ = {isa = PBXFileReference; lastKnownFileType = sourcecode.swift; path = Computer.swift; sourceTree = "<group>"; };
		4C3E436F2498E4A600E593BC /* Items.json */ = {isa = PBXFileReference; fileEncoding = 4; lastKnownFileType = text.json; path = Items.json; sourceTree = "<group>"; };
/* End PBXFileReference section */

/* Begin PBXFrameworksBuildPhase section */
		4C3E430224974B6300E593BC /* Frameworks */ = {
			isa = PBXFrameworksBuildPhase;
			buildActionMask = 2147483647;
			files = (
			);
			runOnlyForDeploymentPostprocessing = 0;
		};
/* End PBXFrameworksBuildPhase section */

/* Begin PBXGroup section */
		4C3E42FC24974B6300E593BC = {
			isa = PBXGroup;
			children = (
				4C3E430724974B6300E593BC /* UniversalLink */,
				4C3E430624974B6300E593BC /* Products */,
			);
			sourceTree = "<group>";
		};
		4C3E430624974B6300E593BC /* Products */ = {
			isa = PBXGroup;
			children = (
				4C3E430524974B6300E593BC /* UniversalLink.app */,
			);
			name = Products;
			sourceTree = "<group>";
		};
		4C3E430724974B6300E593BC /* UniversalLink */ = {
			isa = PBXGroup;
			children = (
				4C3E431C24974B8100E593BC /* UniversalLink.entitlements */,
				4C3E430824974B6300E593BC /* AppDelegate.swift */,
				4C3E430A24974B6300E593BC /* SceneDelegate.swift */,
				4C3E430C24974B6300E593BC /* ViewController.swift */,
				4C3E436D2498DB5D00E593BC /* Computer.swift */,
				4C3E430E24974B6300E593BC /* Main.storyboard */,
				4C3E436F2498E4A600E593BC /* Items.json */,
				4C3E431124974B6600E593BC /* Assets.xcassets */,
				4C3E431324974B6600E593BC /* LaunchScreen.storyboard */,
				4C3E431624974B6600E593BC /* Info.plist */,
			);
			path = UniversalLink;
			sourceTree = "<group>";
		};
/* End PBXGroup section */

/* Begin PBXNativeTarget section */
		4C3E430424974B6300E593BC /* UniversalLink */ = {
			isa = PBXNativeTarget;
			buildConfigurationList = 4C3E431924974B6600E593BC /* Build configuration list for PBXNativeTarget "UniversalLink" */;
			buildPhases = (
				4C3E430124974B6300E593BC /* Sources */,
				4C3E430224974B6300E593BC /* Frameworks */,
				4C3E430324974B6300E593BC /* Resources */,
			);
			buildRules = (
			);
			dependencies = (
			);
			name = UniversalLink;
			productName = UniversalLink;
			productReference = 4C3E430524974B6300E593BC /* UniversalLink.app */;
			productType = "com.apple.product-type.application";
		};
/* End PBXNativeTarget section */

/* Begin PBXProject section */
		4C3E42FD24974B6300E593BC /* Project object */ = {
			isa = PBXProject;
			attributes = {
				LastSwiftUpdateCheck = 1150;
				LastUpgradeCheck = 1150;
				ORGANIZATIONNAME = mutating;
				TargetAttributes = {
					4C3E430424974B6300E593BC = {
						CreatedOnToolsVersion = 11.5;
					};
				};
			};
			buildConfigurationList = 4C3E430024974B6300E593BC /* Build configuration list for PBXProject "UniversalLink" */;
			compatibilityVersion = "Xcode 9.3";
			developmentRegion = en;
			hasScannedForEncodings = 0;
			knownRegions = (
				en,
				Base,
			);
			mainGroup = 4C3E42FC24974B6300E593BC;
			productRefGroup = 4C3E430624974B6300E593BC /* Products */;
			projectDirPath = "";
			projectRoot = "";
			targets = (
				4C3E430424974B6300E593BC /* UniversalLink */,
			);
		};
/* End PBXProject section */

/* Begin PBXResourcesBuildPhase section */
		4C3E430324974B6300E593BC /* Resources */ = {
			isa = PBXResourcesBuildPhase;
			buildActionMask = 2147483647;
			files = (
				4C3E43702498E4A600E593BC /* Items.json in Resources */,
				4C3E431524974B6600E593BC /* LaunchScreen.storyboard in Resources */,
				4C3E431224974B6600E593BC /* Assets.xcassets in Resources */,
				4C3E431024974B6300E593BC /* Main.storyboard in Resources */,
			);
			runOnlyForDeploymentPostprocessing = 0;
		};
/* End PBXResourcesBuildPhase section */

/* Begin PBXSourcesBuildPhase section */
		4C3E430124974B6300E593BC /* Sources */ = {
			isa = PBXSourcesBuildPhase;
			buildActionMask = 2147483647;
			files = (
				4C3E436E2498DB5D00E593BC /* Computer.swift in Sources */,
				4C3E430D24974B6300E593BC /* ViewController.swift in Sources */,
				4C3E430924974B6300E593BC /* AppDelegate.swift in Sources */,
				4C3E430B24974B6300E593BC /* SceneDelegate.swift in Sources */,
			);
			runOnlyForDeploymentPostprocessing = 0;
		};
/* End PBXSourcesBuildPhase section */

/* Begin PBXVariantGroup section */
		4C3E430E24974B6300E593BC /* Main.storyboard */ = {
			isa = PBXVariantGroup;
			children = (
				4C3E430F24974B6300E593BC /* Base */,
			);
			name = Main.storyboard;
			sourceTree = "<group>";
		};
		4C3E431324974B6600E593BC /* LaunchScreen.storyboard */ = {
			isa = PBXVariantGroup;
			children = (
				4C3E431424974B6600E593BC /* Base */,
			);
			name = LaunchScreen.storyboard;
			sourceTree = "<group>";
		};
/* End PBXVariantGroup section */

/* Begin XCBuildConfiguration section */
		4C3E431724974B6600E593BC /* Debug */ = {
			isa = XCBuildConfiguration;
			buildSettings = {
				ALWAYS_SEARCH_USER_PATHS = NO;
				CLANG_ANALYZER_NONNULL = YES;
				CLANG_ANALYZER_NUMBER_OBJECT_CONVERSION = YES_AGGRESSIVE;
				CLANG_CXX_LANGUAGE_STANDARD = "gnu++14";
				CLANG_CXX_LIBRARY = "libc++";
				CLANG_ENABLE_MODULES = YES;
				CLANG_ENABLE_OBJC_ARC = YES;
				CLANG_ENABLE_OBJC_WEAK = YES;
				CLANG_WARN_BLOCK_CAPTURE_AUTORELEASING = YES;
				CLANG_WARN_BOOL_CONVERSION = YES;
				CLANG_WARN_COMMA = YES;
				CLANG_WARN_CONSTANT_CONVERSION = YES;
				CLANG_WARN_DEPRECATED_OBJC_IMPLEMENTATIONS = YES;
				CLANG_WARN_DIRECT_OBJC_ISA_USAGE = YES_ERROR;
				CLANG_WARN_DOCUMENTATION_COMMENTS = YES;
				CLANG_WARN_EMPTY_BODY = YES;
				CLANG_WARN_ENUM_CONVERSION = YES;
				CLANG_WARN_INFINITE_RECURSION = YES;
				CLANG_WARN_INT_CONVERSION = YES;
				CLANG_WARN_NON_LITERAL_NULL_CONVERSION = YES;
				CLANG_WARN_OBJC_IMPLICIT_RETAIN_SELF = YES;
				CLANG_WARN_OBJC_LITERAL_CONVERSION = YES;
				CLANG_WARN_OBJC_ROOT_CLASS = YES_ERROR;
				CLANG_WARN_RANGE_LOOP_ANALYSIS = YES;
				CLANG_WARN_STRICT_PROTOTYPES = YES;
				CLANG_WARN_SUSPICIOUS_MOVE = YES;
				CLANG_WARN_UNGUARDED_AVAILABILITY = YES_AGGRESSIVE;
				CLANG_WARN_UNREACHABLE_CODE = YES;
				CLANG_WARN__DUPLICATE_METHOD_MATCH = YES;
				COPY_PHASE_STRIP = NO;
				DEBUG_INFORMATION_FORMAT = dwarf;
				ENABLE_STRICT_OBJC_MSGSEND = YES;
				ENABLE_TESTABILITY = YES;
				GCC_C_LANGUAGE_STANDARD = gnu11;
				GCC_DYNAMIC_NO_PIC = NO;
				GCC_NO_COMMON_BLOCKS = YES;
				GCC_OPTIMIZATION_LEVEL = 0;
				GCC_PREPROCESSOR_DEFINITIONS = (
					"DEBUG=1",
					"$(inherited)",
				);
				GCC_WARN_64_TO_32_BIT_CONVERSION = YES;
				GCC_WARN_ABOUT_RETURN_TYPE = YES_ERROR;
				GCC_WARN_UNDECLARED_SELECTOR = YES;
				GCC_WARN_UNINITIALIZED_AUTOS = YES_AGGRESSIVE;
				GCC_WARN_UNUSED_FUNCTION = YES;
				GCC_WARN_UNUSED_VARIABLE = YES;
				IPHONEOS_DEPLOYMENT_TARGET = 13.5;
				MTL_ENABLE_DEBUG_INFO = INCLUDE_SOURCE;
				MTL_FAST_MATH = YES;
				ONLY_ACTIVE_ARCH = YES;
				SDKROOT = iphoneos;
				SWIFT_ACTIVE_COMPILATION_CONDITIONS = DEBUG;
				SWIFT_OPTIMIZATION_LEVEL = "-Onone";
			};
			name = Debug;
		};
		4C3E431824974B6600E593BC /* Release */ = {
			isa = XCBuildConfiguration;
			buildSettings = {
				ALWAYS_SEARCH_USER_PATHS = NO;
				CLANG_ANALYZER_NONNULL = YES;
				CLANG_ANALYZER_NUMBER_OBJECT_CONVERSION = YES_AGGRESSIVE;
				CLANG_CXX_LANGUAGE_STANDARD = "gnu++14";
				CLANG_CXX_LIBRARY = "libc++";
				CLANG_ENABLE_MODULES = YES;
				CLANG_ENABLE_OBJC_ARC = YES;
				CLANG_ENABLE_OBJC_WEAK = YES;
				CLANG_WARN_BLOCK_CAPTURE_AUTORELEASING = YES;
				CLANG_WARN_BOOL_CONVERSION = YES;
				CLANG_WARN_COMMA = YES;
				CLANG_WARN_CONSTANT_CONVERSION = YES;
				CLANG_WARN_DEPRECATED_OBJC_IMPLEMENTATIONS = YES;
				CLANG_WARN_DIRECT_OBJC_ISA_USAGE = YES_ERROR;
				CLANG_WARN_DOCUMENTATION_COMMENTS = YES;
				CLANG_WARN_EMPTY_BODY = YES;
				CLANG_WARN_ENUM_CONVERSION = YES;
				CLANG_WARN_INFINITE_RECURSION = YES;
				CLANG_WARN_INT_CONVERSION = YES;
				CLANG_WARN_NON_LITERAL_NULL_CONVERSION = YES;
				CLANG_WARN_OBJC_IMPLICIT_RETAIN_SELF = YES;
				CLANG_WARN_OBJC_LITERAL_CONVERSION = YES;
				CLANG_WARN_OBJC_ROOT_CLASS = YES_ERROR;
				CLANG_WARN_RANGE_LOOP_ANALYSIS = YES;
				CLANG_WARN_STRICT_PROTOTYPES = YES;
				CLANG_WARN_SUSPICIOUS_MOVE = YES;
				CLANG_WARN_UNGUARDED_AVAILABILITY = YES_AGGRESSIVE;
				CLANG_WARN_UNREACHABLE_CODE = YES;
				CLANG_WARN__DUPLICATE_METHOD_MATCH = YES;
				COPY_PHASE_STRIP = NO;
				DEBUG_INFORMATION_FORMAT = "dwarf-with-dsym";
				ENABLE_NS_ASSERTIONS = NO;
				ENABLE_STRICT_OBJC_MSGSEND = YES;
				GCC_C_LANGUAGE_STANDARD = gnu11;
				GCC_NO_COMMON_BLOCKS = YES;
				GCC_WARN_64_TO_32_BIT_CONVERSION = YES;
				GCC_WARN_ABOUT_RETURN_TYPE = YES_ERROR;
				GCC_WARN_UNDECLARED_SELECTOR = YES;
				GCC_WARN_UNINITIALIZED_AUTOS = YES_AGGRESSIVE;
				GCC_WARN_UNUSED_FUNCTION = YES;
				GCC_WARN_UNUSED_VARIABLE = YES;
				IPHONEOS_DEPLOYMENT_TARGET = 13.5;
				MTL_ENABLE_DEBUG_INFO = NO;
				MTL_FAST_MATH = YES;
				SDKROOT = iphoneos;
				SWIFT_COMPILATION_MODE = wholemodule;
				SWIFT_OPTIMIZATION_LEVEL = "-O";
				VALIDATE_PRODUCT = YES;
			};
			name = Release;
		};
		4C3E431A24974B6600E593BC /* Debug */ = {
			isa = XCBuildConfiguration;
			buildSettings = {
				ASSETCATALOG_COMPILER_APPICON_NAME = AppIcon;
				CODE_SIGN_ENTITLEMENTS = UniversalLink/UniversalLink.entitlements;
				CODE_SIGN_STYLE = Automatic;
				DEVELOPMENT_TEAM = C94329WK33;
				INFOPLIST_FILE = UniversalLink/Info.plist;
				LD_RUNPATH_SEARCH_PATHS = (
					"$(inherited)",
					"@executable_path/Frameworks",
				);
				PRODUCT_BUNDLE_IDENTIFIER = "com.mutating.universal-link";
				PRODUCT_NAME = "$(TARGET_NAME)";
				SWIFT_VERSION = 5.0;
				TARGETED_DEVICE_FAMILY = "1,2";
			};
			name = Debug;
		};
		4C3E431B24974B6600E593BC /* Release */ = {
			isa = XCBuildConfiguration;
			buildSettings = {
				ASSETCATALOG_COMPILER_APPICON_NAME = AppIcon;
				CODE_SIGN_ENTITLEMENTS = UniversalLink/UniversalLink.entitlements;
				CODE_SIGN_STYLE = Automatic;
				DEVELOPMENT_TEAM = C94329WK33;
				INFOPLIST_FILE = UniversalLink/Info.plist;
				LD_RUNPATH_SEARCH_PATHS = (
					"$(inherited)",
					"@executable_path/Frameworks",
				);
				PRODUCT_BUNDLE_IDENTIFIER = "com.mutating.universal-link";
				PRODUCT_NAME = "$(TARGET_NAME)";
				SWIFT_VERSION = 5.0;
				TARGETED_DEVICE_FAMILY = "1,2";
			};
			name = Release;
		};
/* End XCBuildConfiguration section */

/* Begin XCConfigurationList section */
		4C3E430024974B6300E593BC /* Build configuration list for PBXProject "UniversalLink" */ = {
			isa = XCConfigurationList;
			buildConfigurations = (
				4C3E431724974B6600E593BC /* Debug */,
				4C3E431824974B6600E593BC /* Release */,
			);
			defaultConfigurationIsVisible = 0;
			defaultConfigurationName = Release;
		};
		4C3E431924974B6600E593BC /* Build configuration list for PBXNativeTarget "UniversalLink" */ = {
			isa = XCConfigurationList;
			buildConfigurations = (
				4C3E431A24974B6600E593BC /* Debug */,
				4C3E431B24974B6600E593BC /* Release */,
			);
			defaultConfigurationIsVisible = 0;
			defaultConfigurationName = Release;
		};
/* End XCConfigurationList section */
	};
	rootObject = 4C3E42FD24974B6300E593BC /* Project object */;
}
